
Microsoft Visual Studio Solution File, Format Version 12.00
# Visual Studio Version 17
VisualStudioVersion = 17.8.34525.116
MinimumVisualStudioVersion = 10.0.40219.1
Project("{FAE04EC0-301F-11D3-BF4B-00C04F79EFBC}") = "TFDataProcessingApp", "TFDataProcessingApp.csproj", "{737DC705-6EF7-40BC-AC45-2E97CFD63FBF}"
EndProject
Global
	GlobalSection(SolutionConfigurationPlatforms) = preSolution
		Debug|Any CPU = Debug|Any CPU
		Release|Any CPU = Release|Any CPU
	EndGlobalSection
	GlobalSection(ProjectConfigurationPlatforms) = postSolution
		{737DC705-6EF7-40BC-AC45-2E97CFD63FBF}.Debug|Any CPU.ActiveCfg = Debug|Any CPU
		{737DC705-6EF7-40BC-AC45-2E97CFD63FBF}.Debug|Any CPU.Build.0 = Debug|Any CPU
		{737DC705-6EF7-40BC-AC45-2E97CFD63FBF}.Release|Any CPU.ActiveCfg = Release|Any CPU
		{737DC705-6EF7-40BC-AC45-2E97CFD63FBF}.Release|Any CPU.Build.0 = Release|Any CPU
	EndGlobalSection
	GlobalSection(SolutionProperties) = preSolution
		HideSolutionNode = FALSE
	EndGlobalSection
	GlobalSection(ExtensibilityGlobals) = postSolution
		SolutionGuid = {50AF963F-C231-4178-8BFF-28770DC25BA2}
	EndGlobalSection
EndGlobal
